// !$*UTF8*$!
{
	archiveVersion = 1;
	classes = {
	};
	objectVersion = 55;
	objects = {

/* Begin PBXBuildFile section */
		1700F56627A16152006E528A /* GoogleService-Info.plist in Resources */ = {isa = PBXBuildFile; fileRef = 1700F56527A16152006E528A /* GoogleService-Info.plist */; };
		1700F56927A1625F006E528A /* FirebaseAnalytics in Frameworks */ = {isa = PBXBuildFile; productRef = 1700F56827A1625F006E528A /* FirebaseAnalytics */; };
		1700F56D27A2AC20006E528A /* Utils.swift in Sources */ = {isa = PBXBuildFile; fileRef = 1700F56C27A2AC20006E528A /* Utils.swift */; };
		1700F57327A2C2B2006E528A /* ActivityManager.swift in Sources */ = {isa = PBXBuildFile; fileRef = 1700F57227A2C2B2006E528A /* ActivityManager.swift */; };
		172A0100278C66E900B89529 /* SensorData.swift in Sources */ = {isa = PBXBuildFile; fileRef = 172A00FF278C66E900B89529 /* SensorData.swift */; };
		17980073278BDBB9002A0734 /* SampleSensorAppApp.swift in Sources */ = {isa = PBXBuildFile; fileRef = 17980072278BDBB9002A0734 /* SampleSensorAppApp.swift */; };
		17980075278BDBB9002A0734 /* ContentView.swift in Sources */ = {isa = PBXBuildFile; fileRef = 17980074278BDBB9002A0734 /* ContentView.swift */; };
		17980077278BDBBB002A0734 /* Assets.xcassets in Resources */ = {isa = PBXBuildFile; fileRef = 17980076278BDBBB002A0734 /* Assets.xcassets */; };
		17980083278BF283002A0734 /* WorkoutSettingView.swift in Sources */ = {isa = PBXBuildFile; fileRef = 17980082278BF283002A0734 /* WorkoutSettingView.swift */; };
		17980085278C01EC002A0734 /* WorkoutView.swift in Sources */ = {isa = PBXBuildFile; fileRef = 17980084278C01EC002A0734 /* WorkoutView.swift */; };
		17980087278C04E7002A0734 /* SensorManager.swift in Sources */ = {isa = PBXBuildFile; fileRef = 17980086278C04E7002A0734 /* SensorManager.swift */; };
		1798008C278C22B1002A0734 /* SensorFileManager.swift in Sources */ = {isa = PBXBuildFile; fileRef = 1798008B278C22B1002A0734 /* SensorFileManager.swift */; };
		17980090278C3A47002A0734 /* TimerTextView.swift in Sources */ = {isa = PBXBuildFile; fileRef = 1798008F278C3A47002A0734 /* TimerTextView.swift */; };
		17980092278C400B002A0734 /* FileListView.swift in Sources */ = {isa = PBXBuildFile; fileRef = 17980091278C400B002A0734 /* FileListView.swift */; };
		17980096278C4C87002A0734 /* SensorGraphView.swift in Sources */ = {isa = PBXBuildFile; fileRef = 17980095278C4C87002A0734 /* SensorGraphView.swift */; };
		2794BE52A5DDF5DE20625853 /* Pods_SampleSensorApp.framework in Frameworks */ = {isa = PBXBuildFile; fileRef = E90D075ADCA7420A836DCAE8 /* Pods_SampleSensorApp.framework */; };
/* End PBXBuildFile section */

/* Begin PBXFileReference section */
		1700F56527A16152006E528A /* GoogleService-Info.plist */ = {isa = PBXFileReference; lastKnownFileType = text.plist; path = "GoogleService-Info.plist"; sourceTree = SOURCE_ROOT; };
		1700F56C27A2AC20006E528A /* Utils.swift */ = {isa = PBXFileReference; lastKnownFileType = sourcecode.swift; path = Utils.swift; sourceTree = "<group>"; };
		1700F57227A2C2B2006E528A /* ActivityManager.swift */ = {isa = PBXFileReference; lastKnownFileType = sourcecode.swift; path = ActivityManager.swift; sourceTree = "<group>"; };
		172A00FF278C66E900B89529 /* SensorData.swift */ = {isa = PBXFileReference; lastKnownFileType = sourcecode.swift; path = SensorData.swift; sourceTree = "<group>"; };
		1798006F278BDBB9002A0734 /* SampleSensorApp.app */ = {isa = PBXFileReference; explicitFileType = wrapper.application; includeInIndex = 0; path = SampleSensorApp.app; sourceTree = BUILT_PRODUCTS_DIR; };
		17980072278BDBB9002A0734 /* SampleSensorAppApp.swift */ = {isa = PBXFileReference; lastKnownFileType = sourcecode.swift; path = SampleSensorAppApp.swift; sourceTree = "<group>"; };
		17980074278BDBB9002A0734 /* ContentView.swift */ = {isa = PBXFileReference; lastKnownFileType = sourcecode.swift; path = ContentView.swift; sourceTree = "<group>"; };
		17980076278BDBBB002A0734 /* Assets.xcassets */ = {isa = PBXFileReference; lastKnownFileType = folder.assetcatalog; path = Assets.xcassets; sourceTree = "<group>"; };
		17980082278BF283002A0734 /* WorkoutSettingView.swift */ = {isa = PBXFileReference; lastKnownFileType = sourcecode.swift; path = WorkoutSettingView.swift; sourceTree = "<group>"; };
		17980084278C01EC002A0734 /* WorkoutView.swift */ = {isa = PBXFileReference; lastKnownFileType = sourcecode.swift; path = WorkoutView.swift; sourceTree = "<group>"; };
		17980086278C04E7002A0734 /* SensorManager.swift */ = {isa = PBXFileReference; lastKnownFileType = sourcecode.swift; path = SensorManager.swift; sourceTree = "<group>"; };
		1798008A278C1D4E002A0734 /* Info.plist */ = {isa = PBXFileReference; lastKnownFileType = text.plist; path = Info.plist; sourceTree = "<group>"; };
		1798008B278C22B1002A0734 /* SensorFileManager.swift */ = {isa = PBXFileReference; lastKnownFileType = sourcecode.swift; path = SensorFileManager.swift; sourceTree = "<group>"; };
		1798008F278C3A47002A0734 /* TimerTextView.swift */ = {isa = PBXFileReference; lastKnownFileType = sourcecode.swift; path = TimerTextView.swift; sourceTree = "<group>"; };
		17980091278C400B002A0734 /* FileListView.swift */ = {isa = PBXFileReference; lastKnownFileType = sourcecode.swift; path = FileListView.swift; sourceTree = "<group>"; };
		17980095278C4C87002A0734 /* SensorGraphView.swift */ = {isa = PBXFileReference; lastKnownFileType = sourcecode.swift; path = SensorGraphView.swift; sourceTree = "<group>"; };
		72E17838106CEDC1AF7C2BE3 /* Pods-SampleSensorApp.debug.xcconfig */ = {isa = PBXFileReference; includeInIndex = 1; lastKnownFileType = text.xcconfig; name = "Pods-SampleSensorApp.debug.xcconfig"; path = "Target Support Files/Pods-SampleSensorApp/Pods-SampleSensorApp.debug.xcconfig"; sourceTree = "<group>"; };
		E90D075ADCA7420A836DCAE8 /* Pods_SampleSensorApp.framework */ = {isa = PBXFileReference; explicitFileType = wrapper.framework; includeInIndex = 0; path = Pods_SampleSensorApp.framework; sourceTree = BUILT_PRODUCTS_DIR; };
		F1AFCCC793B4E852A8E8CA91 /* Pods-SampleSensorApp.release.xcconfig */ = {isa = PBXFileReference; includeInIndex = 1; lastKnownFileType = text.xcconfig; name = "Pods-SampleSensorApp.release.xcconfig"; path = "Target Support Files/Pods-SampleSensorApp/Pods-SampleSensorApp.release.xcconfig"; sourceTree = "<group>"; };
/* End PBXFileReference section */

/* Begin PBXFrameworksBuildPhase section */
		1798006C278BDBB9002A0734 /* Frameworks */ = {
			isa = PBXFrameworksBuildPhase;
			buildActionMask = 2147483647;
			files = (
				1700F56927A1625F006E528A /* FirebaseAnalytics in Frameworks */,
				2794BE52A5DDF5DE20625853 /* Pods_SampleSensorApp.framework in Frameworks */,
			);
			runOnlyForDeploymentPostprocessing = 0;
		};
/* End PBXFrameworksBuildPhase section */

/* Begin PBXGroup section */
		1700F56A27A2A7A8006E528A /* Models */ = {
			isa = PBXGroup;
			children = (
				172A00FF278C66E900B89529 /* SensorData.swift */,
				17980086278C04E7002A0734 /* SensorManager.swift */,
				1798008B278C22B1002A0734 /* SensorFileManager.swift */,
				1700F57227A2C2B2006E528A /* ActivityManager.swift */,
			);
			path = Models;
			sourceTree = "<group>";
		};
		1700F56B27A2A7C7006E528A /* Views */ = {
			isa = PBXGroup;
			children = (
				17980082278BF283002A0734 /* WorkoutSettingView.swift */,
				17980084278C01EC002A0734 /* WorkoutView.swift */,
				17980095278C4C87002A0734 /* SensorGraphView.swift */,
				17980091278C400B002A0734 /* FileListView.swift */,
				1798008F278C3A47002A0734 /* TimerTextView.swift */,
				17980074278BDBB9002A0734 /* ContentView.swift */,
			);
			path = Views;
			sourceTree = "<group>";
		};
		17980066278BDBB9002A0734 = {
			isa = PBXGroup;
			children = (
				17980071278BDBB9002A0734 /* SampleSensorApp */,
				17980070278BDBB9002A0734 /* Products */,
				BD41CA69BFF8DACDEC3E8193 /* Pods */,
				9BE1A5702DEB84F4D0269139 /* Frameworks */,
			);
			sourceTree = "<group>";
		};
		17980070278BDBB9002A0734 /* Products */ = {
			isa = PBXGroup;
			children = (
				1798006F278BDBB9002A0734 /* SampleSensorApp.app */,
			);
			name = Products;
			sourceTree = "<group>";
		};
		17980071278BDBB9002A0734 /* SampleSensorApp */ = {
			isa = PBXGroup;
			children = (
				1700F56B27A2A7C7006E528A /* Views */,
				1700F56A27A2A7A8006E528A /* Models */,
				1700F56527A16152006E528A /* GoogleService-Info.plist */,
				1798008A278C1D4E002A0734 /* Info.plist */,
				17980072278BDBB9002A0734 /* SampleSensorAppApp.swift */,
				17980076278BDBBB002A0734 /* Assets.xcassets */,
				1700F56C27A2AC20006E528A /* Utils.swift */,
			);
			path = SampleSensorApp;
			sourceTree = "<group>";
		};
		9BE1A5702DEB84F4D0269139 /* Frameworks */ = {
			isa = PBXGroup;
			children = (
				E90D075ADCA7420A836DCAE8 /* Pods_SampleSensorApp.framework */,
			);
			name = Frameworks;
			sourceTree = "<group>";
		};
		BD41CA69BFF8DACDEC3E8193 /* Pods */ = {
			isa = PBXGroup;
			children = (
				72E17838106CEDC1AF7C2BE3 /* Pods-SampleSensorApp.debug.xcconfig */,
				F1AFCCC793B4E852A8E8CA91 /* Pods-SampleSensorApp.release.xcconfig */,
			);
			path = Pods;
			sourceTree = "<group>";
		};
/* End PBXGroup section */

/* Begin PBXNativeTarget section */
		1798006E278BDBB9002A0734 /* SampleSensorApp */ = {
			isa = PBXNativeTarget;
			buildConfigurationList = 1798007D278BDBBB002A0734 /* Build configuration list for PBXNativeTarget "SampleSensorApp" */;
			buildPhases = (
				1A8C864F4F55CA911A610133 /* [CP] Check Pods Manifest.lock */,
				1798006B278BDBB9002A0734 /* Sources */,
				1798006C278BDBB9002A0734 /* Frameworks */,
				1798006D278BDBB9002A0734 /* Resources */,
				AB7EDDB028D563F44A79DB22 /* [CP] Embed Pods Frameworks */,
			);
			buildRules = (
			);
			dependencies = (
			);
			name = SampleSensorApp;
			packageProductDependencies = (
				1700F56827A1625F006E528A /* FirebaseAnalytics */,
			);
			productName = SampleSensorApp;
			productReference = 1798006F278BDBB9002A0734 /* SampleSensorApp.app */;
			productType = "com.apple.product-type.application";
		};
/* End PBXNativeTarget section */

/* Begin PBXProject section */
		17980067278BDBB9002A0734 /* Project object */ = {
			isa = PBXProject;
			attributes = {
				BuildIndependentTargetsInParallel = 1;
				LastSwiftUpdateCheck = 1320;
				LastUpgradeCheck = 1320;
				TargetAttributes = {
					1798006E278BDBB9002A0734 = {
						CreatedOnToolsVersion = 13.2.1;
					};
				};
			};
			buildConfigurationList = 1798006A278BDBB9002A0734 /* Build configuration list for PBXProject "SampleSensorApp" */;
			compatibilityVersion = "Xcode 13.0";
			developmentRegion = en;
			hasScannedForEncodings = 0;
			knownRegions = (
				en,
				Base,
			);
			mainGroup = 17980066278BDBB9002A0734;
			packageReferences = (
				1700F56727A1625F006E528A /* XCRemoteSwiftPackageReference "firebase-ios-sdk" */,
			);
			productRefGroup = 17980070278BDBB9002A0734 /* Products */;
			projectDirPath = "";
			projectRoot = "";
			targets = (
				1798006E278BDBB9002A0734 /* SampleSensorApp */,
			);
		};
/* End PBXProject section */

/* Begin PBXResourcesBuildPhase section */
		1798006D278BDBB9002A0734 /* Resources */ = {
			isa = PBXResourcesBuildPhase;
			buildActionMask = 2147483647;
			files = (
				17980077278BDBBB002A0734 /* Assets.xcassets in Resources */,
				1700F56627A16152006E528A /* GoogleService-Info.plist in Resources */,
			);
			runOnlyForDeploymentPostprocessing = 0;
		};
/* End PBXResourcesBuildPhase section */

/* Begin PBXShellScriptBuildPhase section */
		1A8C864F4F55CA911A610133 /* [CP] Check Pods Manifest.lock */ = {
			isa = PBXShellScriptBuildPhase;
			buildActionMask = 12;
			files = (
			);
			inputFileListPaths = (
			);
			inputPaths = (
				"${PODS_PODFILE_DIR_PATH}/Podfile.lock",
				"${PODS_ROOT}/Manifest.lock",
			);
			name = "[CP] Check Pods Manifest.lock";
			outputFileListPaths = (
			);
			outputPaths = (
				"$(DERIVED_FILE_DIR)/Pods-SampleSensorApp-checkManifestLockResult.txt",
			);
			runOnlyForDeploymentPostprocessing = 0;
			shellPath = /bin/sh;
			shellScript = "diff \"${PODS_PODFILE_DIR_PATH}/Podfile.lock\" \"${PODS_ROOT}/Manifest.lock\" > /dev/null\nif [ $? != 0 ] ; then\n    # print error to STDERR\n    echo \"error: The sandbox is not in sync with the Podfile.lock. Run 'pod install' or update your CocoaPods installation.\" >&2\n    exit 1\nfi\n# This output is used by Xcode 'outputs' to avoid re-running this script phase.\necho \"SUCCESS\" > \"${SCRIPT_OUTPUT_FILE_0}\"\n";
			showEnvVarsInLog = 0;
		};
		AB7EDDB028D563F44A79DB22 /* [CP] Embed Pods Frameworks */ = {
			isa = PBXShellScriptBuildPhase;
			buildActionMask = 12;
			files = (
			);
			inputFileListPaths = (
				"${PODS_ROOT}/Target Support Files/Pods-SampleSensorApp/Pods-SampleSensorApp-frameworks-${CONFIGURATION}-input-files.xcfilelist",
			);
			name = "[CP] Embed Pods Frameworks";
			outputFileListPaths = (
				"${PODS_ROOT}/Target Support Files/Pods-SampleSensorApp/Pods-SampleSensorApp-frameworks-${CONFIGURATION}-output-files.xcfilelist",
			);
			runOnlyForDeploymentPostprocessing = 0;
			shellPath = /bin/sh;
			shellScript = "\"${PODS_ROOT}/Target Support Files/Pods-SampleSensorApp/Pods-SampleSensorApp-frameworks.sh\"\n";
			showEnvVarsInLog = 0;
		};
/* End PBXShellScriptBuildPhase section */

/* Begin PBXSourcesBuildPhase section */
		1798006B278BDBB9002A0734 /* Sources */ = {
			isa = PBXSourcesBuildPhase;
			buildActionMask = 2147483647;
			files = (
				17980090278C3A47002A0734 /* TimerTextView.swift in Sources */,
				17980083278BF283002A0734 /* WorkoutSettingView.swift in Sources */,
				17980075278BDBB9002A0734 /* ContentView.swift in Sources */,
				17980085278C01EC002A0734 /* WorkoutView.swift in Sources */,
				17980092278C400B002A0734 /* FileListView.swift in Sources */,
				1798008C278C22B1002A0734 /* SensorFileManager.swift in Sources */,
				172A0100278C66E900B89529 /* SensorData.swift in Sources */,
				17980096278C4C87002A0734 /* SensorGraphView.swift in Sources */,
				1700F57327A2C2B2006E528A /* ActivityManager.swift in Sources */,
				17980073278BDBB9002A0734 /* SampleSensorAppApp.swift in Sources */,
				17980087278C04E7002A0734 /* SensorManager.swift in Sources */,
				1700F56D27A2AC20006E528A /* Utils.swift in Sources */,
			);
			runOnlyForDeploymentPostprocessing = 0;
		};
/* End PBXSourcesBuildPhase section */

/* Begin XCBuildConfiguration section */
		1798007B278BDBBB002A0734 /* Debug */ = {
			isa = XCBuildConfiguration;
			buildSettings = {
				ALWAYS_SEARCH_USER_PATHS = NO;
				CLANG_ANALYZER_NONNULL = YES;
				CLANG_ANALYZER_NUMBER_OBJECT_CONVERSION = YES_AGGRESSIVE;
				CLANG_CXX_LANGUAGE_STANDARD = "gnu++17";
				CLANG_CXX_LIBRARY = "libc++";
				CLANG_ENABLE_MODULES = YES;
				CLANG_ENABLE_OBJC_ARC = YES;
				CLANG_ENABLE_OBJC_WEAK = YES;
				CLANG_WARN_BLOCK_CAPTURE_AUTORELEASING = YES;
				CLANG_WARN_BOOL_CONVERSION = YES;
				CLANG_WARN_COMMA = YES;
				CLANG_WARN_CONSTANT_CONVERSION = YES;
				CLANG_WARN_DEPRECATED_OBJC_IMPLEMENTATIONS = YES;
				CLANG_WARN_DIRECT_OBJC_ISA_USAGE = YES_ERROR;
				CLANG_WARN_DOCUMENTATION_COMMENTS = YES;
				CLANG_WARN_EMPTY_BODY = YES;
				CLANG_WARN_ENUM_CONVERSION = YES;
				CLANG_WARN_INFINITE_RECURSION = YES;
				CLANG_WARN_INT_CONVERSION = YES;
				CLANG_WARN_NON_LITERAL_NULL_CONVERSION = YES;
				CLANG_WARN_OBJC_IMPLICIT_RETAIN_SELF = YES;
				CLANG_WARN_OBJC_LITERAL_CONVERSION = YES;
				CLANG_WARN_OBJC_ROOT_CLASS = YES_ERROR;
				CLANG_WARN_QUOTED_INCLUDE_IN_FRAMEWORK_HEADER = YES;
				CLANG_WARN_RANGE_LOOP_ANALYSIS = YES;
				CLANG_WARN_STRICT_PROTOTYPES = YES;
				CLANG_WARN_SUSPICIOUS_MOVE = YES;
				CLANG_WARN_UNGUARDED_AVAILABILITY = YES_AGGRESSIVE;
				CLANG_WARN_UNREACHABLE_CODE = YES;
				CLANG_WARN__DUPLICATE_METHOD_MATCH = YES;
				COPY_PHASE_STRIP = NO;
				DEBUG_INFORMATION_FORMAT = dwarf;
				ENABLE_STRICT_OBJC_MSGSEND = YES;
				ENABLE_TESTABILITY = YES;
				GCC_C_LANGUAGE_STANDARD = gnu11;
				GCC_DYNAMIC_NO_PIC = NO;
				GCC_NO_COMMON_BLOCKS = YES;
				GCC_OPTIMIZATION_LEVEL = 0;
				GCC_PREPROCESSOR_DEFINITIONS = (
					"DEBUG=1",
					"$(inherited)",
				);
				GCC_WARN_64_TO_32_BIT_CONVERSION = YES;
				GCC_WARN_ABOUT_RETURN_TYPE = YES_ERROR;
				GCC_WARN_UNDECLARED_SELECTOR = YES;
				GCC_WARN_UNINITIALIZED_AUTOS = YES_AGGRESSIVE;
				GCC_WARN_UNUSED_FUNCTION = YES;
				GCC_WARN_UNUSED_VARIABLE = YES;
				IPHONEOS_DEPLOYMENT_TARGET = 14.0;
				MTL_ENABLE_DEBUG_INFO = INCLUDE_SOURCE;
				MTL_FAST_MATH = YES;
				ONLY_ACTIVE_ARCH = YES;
				SDKROOT = iphoneos;
				SWIFT_ACTIVE_COMPILATION_CONDITIONS = DEBUG;
				SWIFT_OPTIMIZATION_LEVEL = "-Onone";
			};
			name = Debug;
		};
		1798007C278BDBBB002A0734 /* Release */ = {
			isa = XCBuildConfiguration;
			buildSettings = {
				ALWAYS_SEARCH_USER_PATHS = NO;
				CLANG_ANALYZER_NONNULL = YES;
				CLANG_ANALYZER_NUMBER_OBJECT_CONVERSION = YES_AGGRESSIVE;
				CLANG_CXX_LANGUAGE_STANDARD = "gnu++17";
				CLANG_CXX_LIBRARY = "libc++";
				CLANG_ENABLE_MODULES = YES;
				CLANG_ENABLE_OBJC_ARC = YES;
				CLANG_ENABLE_OBJC_WEAK = YES;
				CLANG_WARN_BLOCK_CAPTURE_AUTORELEASING = YES;
				CLANG_WARN_BOOL_CONVERSION = YES;
				CLANG_WARN_COMMA = YES;
				CLANG_WARN_CONSTANT_CONVERSION = YES;
				CLANG_WARN_DEPRECATED_OBJC_IMPLEMENTATIONS = YES;
				CLANG_WARN_DIRECT_OBJC_ISA_USAGE = YES_ERROR;
				CLANG_WARN_DOCUMENTATION_COMMENTS = YES;
				CLANG_WARN_EMPTY_BODY = YES;
				CLANG_WARN_ENUM_CONVERSION = YES;
				CLANG_WARN_INFINITE_RECURSION = YES;
				CLANG_WARN_INT_CONVERSION = YES;
				CLANG_WARN_NON_LITERAL_NULL_CONVERSION = YES;
				CLANG_WARN_OBJC_IMPLICIT_RETAIN_SELF = YES;
				CLANG_WARN_OBJC_LITERAL_CONVERSION = YES;
				CLANG_WARN_OBJC_ROOT_CLASS = YES_ERROR;
				CLANG_WARN_QUOTED_INCLUDE_IN_FRAMEWORK_HEADER = YES;
				CLANG_WARN_RANGE_LOOP_ANALYSIS = YES;
				CLANG_WARN_STRICT_PROTOTYPES = YES;
				CLANG_WARN_SUSPICIOUS_MOVE = YES;
				CLANG_WARN_UNGUARDED_AVAILABILITY = YES_AGGRESSIVE;
				CLANG_WARN_UNREACHABLE_CODE = YES;
				CLANG_WARN__DUPLICATE_METHOD_MATCH = YES;
				COPY_PHASE_STRIP = NO;
				DEBUG_INFORMATION_FORMAT = "dwarf-with-dsym";
				ENABLE_NS_ASSERTIONS = NO;
				ENABLE_STRICT_OBJC_MSGSEND = YES;
				GCC_C_LANGUAGE_STANDARD = gnu11;
				GCC_NO_COMMON_BLOCKS = YES;
				GCC_WARN_64_TO_32_BIT_CONVERSION = YES;
				GCC_WARN_ABOUT_RETURN_TYPE = YES_ERROR;
				GCC_WARN_UNDECLARED_SELECTOR = YES;
				GCC_WARN_UNINITIALIZED_AUTOS = YES_AGGRESSIVE;
				GCC_WARN_UNUSED_FUNCTION = YES;
				GCC_WARN_UNUSED_VARIABLE = YES;
				IPHONEOS_DEPLOYMENT_TARGET = 14.0;
				MTL_ENABLE_DEBUG_INFO = NO;
				MTL_FAST_MATH = YES;
				SDKROOT = iphoneos;
				SWIFT_COMPILATION_MODE = wholemodule;
				SWIFT_OPTIMIZATION_LEVEL = "-O";
				VALIDATE_PRODUCT = YES;
			};
			name = Release;
		};
		1798007E278BDBBB002A0734 /* Debug */ = {
			isa = XCBuildConfiguration;
			baseConfigurationReference = 72E17838106CEDC1AF7C2BE3 /* Pods-SampleSensorApp.debug.xcconfig */;
			buildSettings = {
				ASSETCATALOG_COMPILER_APPICON_NAME = AppIcon;
				ASSETCATALOG_COMPILER_GLOBAL_ACCENT_COLOR_NAME = AccentColor;
				CODE_SIGN_IDENTITY = "iPhone Distribution";
				CODE_SIGN_STYLE = Manual;
				CURRENT_PROJECT_VERSION = 1;
				DEVELOPMENT_ASSET_PATHS = "\"SampleSensorApp/Preview Content\"";
				DEVELOPMENT_TEAM = 23V6V2PF9D;
				ENABLE_PREVIEWS = YES;
				GENERATE_INFOPLIST_FILE = YES;
				INFOPLIST_FILE = SampleSensorApp/Info.plist;
				INFOPLIST_KEY_LSSupportsOpeningDocumentsInPlace = YES;
				INFOPLIST_KEY_NSMotionUsageDescription = "The data is used for health check";
				INFOPLIST_KEY_UIApplicationSceneManifest_Generation = YES;
				INFOPLIST_KEY_UIApplicationSupportsIndirectInputEvents = YES;
				INFOPLIST_KEY_UILaunchScreen_Generation = YES;
				INFOPLIST_KEY_UISupportedInterfaceOrientations_iPad = "UIInterfaceOrientationPortrait UIInterfaceOrientationPortraitUpsideDown UIInterfaceOrientationLandscapeLeft UIInterfaceOrientationLandscapeRight";
				INFOPLIST_KEY_UISupportedInterfaceOrientations_iPhone = "UIInterfaceOrientationPortrait UIInterfaceOrientationLandscapeLeft UIInterfaceOrientationLandscapeRight";
				LD_RUNPATH_SEARCH_PATHS = (
					"$(inherited)",
					"@executable_path/Frameworks",
				);
				MARKETING_VERSION = 1.3;
				PRODUCT_BUNDLE_IDENTIFIER = "com.guccini.sample-sensor-app";
				PRODUCT_NAME = "$(TARGET_NAME)";
				PROVISIONING_PROFILE_SPECIFIER = "Keio Reha Add Hoc";
				SWIFT_EMIT_LOC_STRINGS = YES;
				SWIFT_VERSION = 5.0;
				TARGETED_DEVICE_FAMILY = "1,2";
			};
			name = Debug;
		};
		1798007F278BDBBB002A0734 /* Release */ = {
			isa = XCBuildConfiguration;
			baseConfigurationReference = F1AFCCC793B4E852A8E8CA91 /* Pods-SampleSensorApp.release.xcconfig */;
			buildSettings = {
				ASSETCATALOG_COMPILER_APPICON_NAME = AppIcon;
				ASSETCATALOG_COMPILER_GLOBAL_ACCENT_COLOR_NAME = AccentColor;
				CODE_SIGN_IDENTITY = "iPhone Distribution";
				CODE_SIGN_STYLE = Manual;
				CURRENT_PROJECT_VERSION = 1;
				DEVELOPMENT_ASSET_PATHS = "\"SampleSensorApp/Preview Content\"";
				DEVELOPMENT_TEAM = 23V6V2PF9D;
				ENABLE_PREVIEWS = YES;
				GENERATE_INFOPLIST_FILE = YES;
				INFOPLIST_FILE = SampleSensorApp/Info.plist;
				INFOPLIST_KEY_LSSupportsOpeningDocumentsInPlace = YES;
				INFOPLIST_KEY_NSMotionUsageDescription = "The data is used for health check";
				INFOPLIST_KEY_UIApplicationSceneManifest_Generation = YES;
				INFOPLIST_KEY_UIApplicationSupportsIndirectInputEvents = YES;
				INFOPLIST_KEY_UILaunchScreen_Generation = YES;
				INFOPLIST_KEY_UISupportedInterfaceOrientations_iPad = "UIInterfaceOrientationPortrait UIInterfaceOrientationPortraitUpsideDown UIInterfaceOrientationLandscapeLeft UIInterfaceOrientationLandscapeRight";
				INFOPLIST_KEY_UISupportedInterfaceOrientations_iPhone = "UIInterfaceOrientationPortrait UIInterfaceOrientationLandscapeLeft UIInterfaceOrientationLandscapeRight";
				LD_RUNPATH_SEARCH_PATHS = (
					"$(inherited)",
					"@executable_path/Frameworks",
				);
				MARKETING_VERSION = 1.3;
				PRODUCT_BUNDLE_IDENTIFIER = "com.guccini.sample-sensor-app";
				PRODUCT_NAME = "$(TARGET_NAME)";
				PROVISIONING_PROFILE_SPECIFIER = "Keio Reha Add Hoc";
				SWIFT_EMIT_LOC_STRINGS = YES;
				SWIFT_VERSION = 5.0;
				TARGETED_DEVICE_FAMILY = "1,2";
			};
			name = Release;
		};
/* End XCBuildConfiguration section */

/* Begin XCConfigurationList section */
		1798006A278BDBB9002A0734 /* Build configuration list for PBXProject "SampleSensorApp" */ = {
			isa = XCConfigurationList;
			buildConfigurations = (
				1798007B278BDBBB002A0734 /* Debug */,
				1798007C278BDBBB002A0734 /* Release */,
			);
			defaultConfigurationIsVisible = 0;
			defaultConfigurationName = Release;
		};
		1798007D278BDBBB002A0734 /* Build configuration list for PBXNativeTarget "SampleSensorApp" */ = {
			isa = XCConfigurationList;
			buildConfigurations = (
				1798007E278BDBBB002A0734 /* Debug */,
				1798007F278BDBBB002A0734 /* Release */,
			);
			defaultConfigurationIsVisible = 0;
			defaultConfigurationName = Release;
		};
/* End XCConfigurationList section */

/* Begin XCRemoteSwiftPackageReference section */
		1700F56727A1625F006E528A /* XCRemoteSwiftPackageReference "firebase-ios-sdk" */ = {
			isa = XCRemoteSwiftPackageReference;
			repositoryURL = "https://github.com/firebase/firebase-ios-sdk";
			requirement = {
				kind = upToNextMajorVersion;
				minimumVersion = 8.0.0;
			};
		};
/* End XCRemoteSwiftPackageReference section */

/* Begin XCSwiftPackageProductDependency section */
		1700F56827A1625F006E528A /* FirebaseAnalytics */ = {
			isa = XCSwiftPackageProductDependency;
			package = 1700F56727A1625F006E528A /* XCRemoteSwiftPackageReference "firebase-ios-sdk" */;
			productName = FirebaseAnalytics;
		};
/* End XCSwiftPackageProductDependency section */
	};
	rootObject = 17980067278BDBB9002A0734 /* Project object */;
}
